// !$*UTF8*$!
{
	archiveVersion = 1;
	classes = {
	};
	objectVersion = 56;
	objects = {

/* Begin PBXBuildFile section */
		38CBE908CF47E253628EF649 /* Pods_Vpn.framework in Frameworks */ = {isa = PBXBuildFile; fileRef = 7A0DBFEDAD926140A075FAF3 /* Pods_Vpn.framework */; };
		CF09F2A12A9F2EDC00D21D7D /* CodeReviewController.swift in Sources */ = {isa = PBXBuildFile; fileRef = CF09F2A02A9F2EDC00D21D7D /* CodeReviewController.swift */; };
		CF2C2CB82A80E0BB00786384 /* StoreKit.framework in Frameworks */ = {isa = PBXBuildFile; fileRef = CF29BE0F29DEE91C0040FB92 /* StoreKit.framework */; };
		CF4828952A7D1E7D00A7BF4F /* PrivacyPolicyViewController.swift in Sources */ = {isa = PBXBuildFile; fileRef = CF4828942A7D1E7D00A7BF4F /* PrivacyPolicyViewController.swift */; };
		CF48831D29E2B0E600702FA0 /* RegisterViewController.swift in Sources */ = {isa = PBXBuildFile; fileRef = CF48831C29E2B0E600702FA0 /* RegisterViewController.swift */; };
		CF5A97BA29D3164D00D4F2F5 /* AppDelegate.swift in Sources */ = {isa = PBXBuildFile; fileRef = CF5A97B929D3164D00D4F2F5 /* AppDelegate.swift */; };
		CF5A97BC29D3164D00D4F2F5 /* SceneDelegate.swift in Sources */ = {isa = PBXBuildFile; fileRef = CF5A97BB29D3164D00D4F2F5 /* SceneDelegate.swift */; };
		CF5A97BE29D3164D00D4F2F5 /* HomeViewController.swift in Sources */ = {isa = PBXBuildFile; fileRef = CF5A97BD29D3164D00D4F2F5 /* HomeViewController.swift */; };
		CF5A97C129D3164D00D4F2F5 /* Main.storyboard in Resources */ = {isa = PBXBuildFile; fileRef = CF5A97BF29D3164D00D4F2F5 /* Main.storyboard */; };
		CF5A97C329D3164E00D4F2F5 /* Assets.xcassets in Resources */ = {isa = PBXBuildFile; fileRef = CF5A97C229D3164E00D4F2F5 /* Assets.xcassets */; };
		CF5A97C629D3164E00D4F2F5 /* LaunchScreen.storyboard in Resources */ = {isa = PBXBuildFile; fileRef = CF5A97C429D3164E00D4F2F5 /* LaunchScreen.storyboard */; };
		CF5A97D029D31FD300D4F2F5 /* PresentViewController.swift in Sources */ = {isa = PBXBuildFile; fileRef = CF5A97CF29D31FD300D4F2F5 /* PresentViewController.swift */; };
		CF6FA3CB2A8212240017DDC4 /* MenuModel.swift in Sources */ = {isa = PBXBuildFile; fileRef = CF6FA3CA2A8212240017DDC4 /* MenuModel.swift */; };
		CF81B9A02A7BA3E200C10B66 /* MenuCategory.swift in Sources */ = {isa = PBXBuildFile; fileRef = CF81B99F2A7BA3E200C10B66 /* MenuCategory.swift */; };
		CF81B9A32A7BA40F00C10B66 /* MenuCell.swift in Sources */ = {isa = PBXBuildFile; fileRef = CF81B9A12A7BA40F00C10B66 /* MenuCell.swift */; };
		CF81B9A42A7BA40F00C10B66 /* MenuCell.xib in Resources */ = {isa = PBXBuildFile; fileRef = CF81B9A22A7BA40F00C10B66 /* MenuCell.xib */; };
		CF8D76322AA1C5CB0013E9FA /* RegisterNetworkService.swift in Sources */ = {isa = PBXBuildFile; fileRef = CF8D76312AA1C5CB0013E9FA /* RegisterNetworkService.swift */; };
		CF8D76362AA1C8470013E9FA /* ChangeCountryNetworkService.swift in Sources */ = {isa = PBXBuildFile; fileRef = CF8D76352AA1C8470013E9FA /* ChangeCountryNetworkService.swift */; };
		CF8D76382AA1CE6C0013E9FA /* LoadAnimateNetworkService.swift in Sources */ = {isa = PBXBuildFile; fileRef = CF8D76372AA1CE6C0013E9FA /* LoadAnimateNetworkService.swift */; };
		CF8D763D2AA1CF890013E9FA /* LoadAnimateModel.swift in Sources */ = {isa = PBXBuildFile; fileRef = CF8D763C2AA1CF890013E9FA /* LoadAnimateModel.swift */; };
		CF8FB08229D6BCC600993513 /* ChangeCountryController.swift in Sources */ = {isa = PBXBuildFile; fileRef = CF8FB08129D6BCC600993513 /* ChangeCountryController.swift */; };
		CF8FB08429D6BEF300993513 /* Constants.swift in Sources */ = {isa = PBXBuildFile; fileRef = CF8FB08329D6BEF300993513 /* Constants.swift */; };
		CF8FB08A29D708FF00993513 /* Country.swift in Sources */ = {isa = PBXBuildFile; fileRef = CF8FB08929D708FF00993513 /* Country.swift */; };
		CF91768B2A716BC400C00358 /* Extension.swift in Sources */ = {isa = PBXBuildFile; fileRef = CF91768A2A716BC400C00358 /* Extension.swift */; };
		CF91768D2A716EA100C00358 /* SubscriptionStatus.swift in Sources */ = {isa = PBXBuildFile; fileRef = CF91768C2A716EA100C00358 /* SubscriptionStatus.swift */; };
		CF91AF0C29DD4F8300EAAC01 /* CurrentUser.swift in Sources */ = {isa = PBXBuildFile; fileRef = CF91AF0B29DD4F8300EAAC01 /* CurrentUser.swift */; };
		CF91AF1629DDBAAD00EAAC01 /* MenuViewController.swift in Sources */ = {isa = PBXBuildFile; fileRef = CF91AF1529DDBAAD00EAAC01 /* MenuViewController.swift */; };
		CF969D832AA0CFC300CD75F9 /* NetworkService.swift in Sources */ = {isa = PBXBuildFile; fileRef = CF969D822AA0CFC300CD75F9 /* NetworkService.swift */; };
		CF969D852AA0D72F00CD75F9 /* MenuNetworkService.swift in Sources */ = {isa = PBXBuildFile; fileRef = CF969D842AA0D72F00CD75F9 /* MenuNetworkService.swift */; };
		CF969D872AA0D87C00CD75F9 /* HomeModel.swift in Sources */ = {isa = PBXBuildFile; fileRef = CF969D862AA0D87C00CD75F9 /* HomeModel.swift */; };
		CFA56F892A764EA1000B55B7 /* animation_lkp59xl7.json in Resources */ = {isa = PBXBuildFile; fileRef = CFA56F882A764EA1000B55B7 /* animation_lkp59xl7.json */; };
		CFA56F8B2A764FAA000B55B7 /* LoadAnimateViewController.swift in Sources */ = {isa = PBXBuildFile; fileRef = CFA56F8A2A764FAA000B55B7 /* LoadAnimateViewController.swift */; };
		CFAA9DDE29E44776000B3438 /* GoogleService-Info.plist in Resources */ = {isa = PBXBuildFile; fileRef = CFAA9DDD29E44776000B3438 /* GoogleService-Info.plist */; };
		CFFAE9C32A77A89100E2CBCA /* LoadLabel.swift in Sources */ = {isa = PBXBuildFile; fileRef = CFFAE9C22A77A89100E2CBCA /* LoadLabel.swift */; };
/* End PBXBuildFile section */

/* Begin PBXFileReference section */
		7A0DBFEDAD926140A075FAF3 /* Pods_Vpn.framework */ = {isa = PBXFileReference; explicitFileType = wrapper.framework; includeInIndex = 0; path = Pods_Vpn.framework; sourceTree = BUILT_PRODUCTS_DIR; };
		7A4F6340DB19557E1D90E93B /* Pods-Vpn.release.xcconfig */ = {isa = PBXFileReference; includeInIndex = 1; lastKnownFileType = text.xcconfig; name = "Pods-Vpn.release.xcconfig"; path = "Target Support Files/Pods-Vpn/Pods-Vpn.release.xcconfig"; sourceTree = "<group>"; };
		AF94F8E1614E69D09A920D35 /* Pods-Vpn.debug.xcconfig */ = {isa = PBXFileReference; includeInIndex = 1; lastKnownFileType = text.xcconfig; name = "Pods-Vpn.debug.xcconfig"; path = "Target Support Files/Pods-Vpn/Pods-Vpn.debug.xcconfig"; sourceTree = "<group>"; };
		CF09F2A02A9F2EDC00D21D7D /* CodeReviewController.swift */ = {isa = PBXFileReference; fileEncoding = 4; lastKnownFileType = sourcecode.swift; path = CodeReviewController.swift; sourceTree = "<group>"; };
		CF29BE0F29DEE91C0040FB92 /* StoreKit.framework */ = {isa = PBXFileReference; lastKnownFileType = wrapper.framework; name = StoreKit.framework; path = System/Library/Frameworks/StoreKit.framework; sourceTree = SDKROOT; };
		CF3C1A6F29D5A10F007BD706 /* Vpn.entitlements */ = {isa = PBXFileReference; lastKnownFileType = text.plist.entitlements; path = Vpn.entitlements; sourceTree = "<group>"; };
		CF4828942A7D1E7D00A7BF4F /* PrivacyPolicyViewController.swift */ = {isa = PBXFileReference; lastKnownFileType = sourcecode.swift; path = PrivacyPolicyViewController.swift; sourceTree = "<group>"; };
		CF48831C29E2B0E600702FA0 /* RegisterViewController.swift */ = {isa = PBXFileReference; lastKnownFileType = sourcecode.swift; path = RegisterViewController.swift; sourceTree = "<group>"; };
		CF5A97B629D3164D00D4F2F5 /* Vpn.app */ = {isa = PBXFileReference; explicitFileType = wrapper.application; includeInIndex = 0; path = Vpn.app; sourceTree = BUILT_PRODUCTS_DIR; };
		CF5A97B929D3164D00D4F2F5 /* AppDelegate.swift */ = {isa = PBXFileReference; lastKnownFileType = sourcecode.swift; path = AppDelegate.swift; sourceTree = "<group>"; };
		CF5A97BB29D3164D00D4F2F5 /* SceneDelegate.swift */ = {isa = PBXFileReference; lastKnownFileType = sourcecode.swift; path = SceneDelegate.swift; sourceTree = "<group>"; };
		CF5A97BD29D3164D00D4F2F5 /* HomeViewController.swift */ = {isa = PBXFileReference; lastKnownFileType = sourcecode.swift; path = HomeViewController.swift; sourceTree = "<group>"; };
		CF5A97C029D3164D00D4F2F5 /* Base */ = {isa = PBXFileReference; lastKnownFileType = file.storyboard; name = Base; path = Base.lproj/Main.storyboard; sourceTree = "<group>"; };
		CF5A97C229D3164E00D4F2F5 /* Assets.xcassets */ = {isa = PBXFileReference; lastKnownFileType = folder.assetcatalog; path = Assets.xcassets; sourceTree = "<group>"; };
		CF5A97C529D3164E00D4F2F5 /* Base */ = {isa = PBXFileReference; lastKnownFileType = file.storyboard; name = Base; path = Base.lproj/LaunchScreen.storyboard; sourceTree = "<group>"; };
		CF5A97C729D3164E00D4F2F5 /* Info.plist */ = {isa = PBXFileReference; lastKnownFileType = text.plist.xml; path = Info.plist; sourceTree = "<group>"; };
		CF5A97CF29D31FD300D4F2F5 /* PresentViewController.swift */ = {isa = PBXFileReference; lastKnownFileType = sourcecode.swift; path = PresentViewController.swift; sourceTree = "<group>"; };
		CF6FA3CA2A8212240017DDC4 /* MenuModel.swift */ = {isa = PBXFileReference; lastKnownFileType = sourcecode.swift; path = MenuModel.swift; sourceTree = "<group>"; };
		CF81B99F2A7BA3E200C10B66 /* MenuCategory.swift */ = {isa = PBXFileReference; lastKnownFileType = sourcecode.swift; path = MenuCategory.swift; sourceTree = "<group>"; };
		CF81B9A12A7BA40F00C10B66 /* MenuCell.swift */ = {isa = PBXFileReference; lastKnownFileType = sourcecode.swift; path = MenuCell.swift; sourceTree = "<group>"; };
		CF81B9A22A7BA40F00C10B66 /* MenuCell.xib */ = {isa = PBXFileReference; lastKnownFileType = file.xib; path = MenuCell.xib; sourceTree = "<group>"; };
		CF8D76312AA1C5CB0013E9FA /* RegisterNetworkService.swift */ = {isa = PBXFileReference; lastKnownFileType = sourcecode.swift; path = RegisterNetworkService.swift; sourceTree = "<group>"; };
		CF8D76352AA1C8470013E9FA /* ChangeCountryNetworkService.swift */ = {isa = PBXFileReference; lastKnownFileType = sourcecode.swift; path = ChangeCountryNetworkService.swift; sourceTree = "<group>"; };
		CF8D76372AA1CE6C0013E9FA /* LoadAnimateNetworkService.swift */ = {isa = PBXFileReference; lastKnownFileType = sourcecode.swift; path = LoadAnimateNetworkService.swift; sourceTree = "<group>"; };
		CF8D763C2AA1CF890013E9FA /* LoadAnimateModel.swift */ = {isa = PBXFileReference; lastKnownFileType = sourcecode.swift; path = LoadAnimateModel.swift; sourceTree = "<group>"; };
		CF8FB08129D6BCC600993513 /* ChangeCountryController.swift */ = {isa = PBXFileReference; lastKnownFileType = sourcecode.swift; path = ChangeCountryController.swift; sourceTree = "<group>"; };
		CF8FB08329D6BEF300993513 /* Constants.swift */ = {isa = PBXFileReference; lastKnownFileType = sourcecode.swift; name = Constants.swift; path = Vpn/Application/Model/Constants.swift; sourceTree = SOURCE_ROOT; };
		CF8FB08929D708FF00993513 /* Country.swift */ = {isa = PBXFileReference; lastKnownFileType = sourcecode.swift; name = Country.swift; path = Vpn/ChangeCountry/Model/Country.swift; sourceTree = SOURCE_ROOT; };
		CF91768A2A716BC400C00358 /* Extension.swift */ = {isa = PBXFileReference; lastKnownFileType = sourcecode.swift; path = Extension.swift; sourceTree = "<group>"; };
		CF91768C2A716EA100C00358 /* SubscriptionStatus.swift */ = {isa = PBXFileReference; lastKnownFileType = sourcecode.swift; path = SubscriptionStatus.swift; sourceTree = "<group>"; };
		CF91AF0B29DD4F8300EAAC01 /* CurrentUser.swift */ = {isa = PBXFileReference; lastKnownFileType = sourcecode.swift; path = CurrentUser.swift; sourceTree = "<group>"; };
		CF91AF1529DDBAAD00EAAC01 /* MenuViewController.swift */ = {isa = PBXFileReference; lastKnownFileType = sourcecode.swift; path = MenuViewController.swift; sourceTree = "<group>"; };
		CF969D822AA0CFC300CD75F9 /* NetworkService.swift */ = {isa = PBXFileReference; lastKnownFileType = sourcecode.swift; path = NetworkService.swift; sourceTree = "<group>"; };
		CF969D842AA0D72F00CD75F9 /* MenuNetworkService.swift */ = {isa = PBXFileReference; lastKnownFileType = sourcecode.swift; path = MenuNetworkService.swift; sourceTree = "<group>"; };
		CF969D862AA0D87C00CD75F9 /* HomeModel.swift */ = {isa = PBXFileReference; lastKnownFileType = sourcecode.swift; path = HomeModel.swift; sourceTree = "<group>"; };
		CFA56F882A764EA1000B55B7 /* animation_lkp59xl7.json */ = {isa = PBXFileReference; fileEncoding = 4; lastKnownFileType = text.json; path = animation_lkp59xl7.json; sourceTree = "<group>"; };
		CFA56F8A2A764FAA000B55B7 /* LoadAnimateViewController.swift */ = {isa = PBXFileReference; lastKnownFileType = sourcecode.swift; path = LoadAnimateViewController.swift; sourceTree = "<group>"; };
		CFAA9DDD29E44776000B3438 /* GoogleService-Info.plist */ = {isa = PBXFileReference; fileEncoding = 4; lastKnownFileType = text.plist.xml; path = "GoogleService-Info.plist"; sourceTree = "<group>"; };
		CFFAE9C22A77A89100E2CBCA /* LoadLabel.swift */ = {isa = PBXFileReference; lastKnownFileType = sourcecode.swift; path = LoadLabel.swift; sourceTree = "<group>"; };
/* End PBXFileReference section */

/* Begin PBXFrameworksBuildPhase section */
		40B24E223875366CEBCDA9AC /* Frameworks */ = {
			isa = PBXFrameworksBuildPhase;
			buildActionMask = 2147483647;
			files = (
				38CBE908CF47E253628EF649 /* Pods_Vpn.framework in Frameworks */,
				CF2C2CB82A80E0BB00786384 /* StoreKit.framework in Frameworks */,
			);
			runOnlyForDeploymentPostprocessing = 0;
		};
/* End PBXFrameworksBuildPhase section */

/* Begin PBXGroup section */
		91D99A1360218AAA9132F7A5 /* Frameworks */ = {
			isa = PBXGroup;
			children = (
				CF29BE0F29DEE91C0040FB92 /* StoreKit.framework */,
				7A0DBFEDAD926140A075FAF3 /* Pods_Vpn.framework */,
			);
			name = Frameworks;
			sourceTree = "<group>";
		};
		B95720F750A46D9A181FA641 /* Pods */ = {
			isa = PBXGroup;
			children = (
				AF94F8E1614E69D09A920D35 /* Pods-Vpn.debug.xcconfig */,
				7A4F6340DB19557E1D90E93B /* Pods-Vpn.release.xcconfig */,
			);
			path = Pods;
			sourceTree = "<group>";
		};
		CF09F2902A9F2CC100D21D7D /* Model */ = {
			isa = PBXGroup;
			children = (
				CF91AF0B29DD4F8300EAAC01 /* CurrentUser.swift */,
				CF8FB08329D6BEF300993513 /* Constants.swift */,
				CF91768A2A716BC400C00358 /* Extension.swift */,
				CFFAE9C22A77A89100E2CBCA /* LoadLabel.swift */,
			);
			path = Model;
			sourceTree = "<group>";
		};
		CF09F2912A9F2CC900D21D7D /* View */ = {
			isa = PBXGroup;
			children = (
				CF5A97C429D3164E00D4F2F5 /* LaunchScreen.storyboard */,
				CF5A97BF29D3164D00D4F2F5 /* Main.storyboard */,
			);
			path = View;
			sourceTree = "<group>";
		};
		CF09F2922A9F2CCD00D21D7D /* Controller */ = {
			isa = PBXGroup;
			children = (
				CF5A97B929D3164D00D4F2F5 /* AppDelegate.swift */,
				CF5A97BB29D3164D00D4F2F5 /* SceneDelegate.swift */,
			);
			path = Controller;
			sourceTree = "<group>";
		};
		CF09F2932A9F2D6500D21D7D /* SupportinFiles */ = {
			isa = PBXGroup;
			children = (
				CF5A97C229D3164E00D4F2F5 /* Assets.xcassets */,
			);
			path = SupportinFiles;
			sourceTree = "<group>";
		};
		CF09F2942A9F2DAD00D21D7D /* LoadAnimate */ = {
			isa = PBXGroup;
			children = (
				CF8D763A2AA1CF740013E9FA /* Model */,
				CF8D763F2AA1D2B00013E9FA /* Controller */,
				CF8D76392AA1CE700013E9FA /* LoadAnimateNetworkService */,
			);
			path = LoadAnimate;
			sourceTree = "<group>";
		};
		CF09F2952A9F2DBD00D21D7D /* Home */ = {
			isa = PBXGroup;
			children = (
				CF09F2972A9F2DF400D21D7D /* Model */,
				CF09F2982A9F2DF900D21D7D /* View */,
				CF09F2992A9F2DFF00D21D7D /* Controller */,
			);
			path = Home;
			sourceTree = "<group>";
		};
		CF09F2962A9F2DC500D21D7D /* ChangeCountry */ = {
			isa = PBXGroup;
			children = (
				CF8D76332AA1C8100013E9FA /* Model */,
				CF8D76402AA1D4390013E9FA /* Controller */,
				CF8D76342AA1C8310013E9FA /* ChangeCountryNetworkService */,
			);
			path = ChangeCountry;
			sourceTree = "<group>";
		};
		CF09F2972A9F2DF400D21D7D /* Model */ = {
			isa = PBXGroup;
			children = (
				CF91768C2A716EA100C00358 /* SubscriptionStatus.swift */,
				CF969D862AA0D87C00CD75F9 /* HomeModel.swift */,
			);
			path = Model;
			sourceTree = "<group>";
		};
		CF09F2982A9F2DF900D21D7D /* View */ = {
			isa = PBXGroup;
			children = (
			);
			path = View;
			sourceTree = "<group>";
		};
		CF09F2992A9F2DFF00D21D7D /* Controller */ = {
			isa = PBXGroup;
			children = (
				CF5A97BD29D3164D00D4F2F5 /* HomeViewController.swift */,
			);
			path = Controller;
			sourceTree = "<group>";
		};
		CF09F29A2A9F2E3D00D21D7D /* Controller */ = {
			isa = PBXGroup;
			children = (
				CF91AF1529DDBAAD00EAAC01 /* MenuViewController.swift */,
			);
			path = Controller;
			sourceTree = "<group>";
		};
		CF09F29B2A9F2E4700D21D7D /* Model */ = {
			isa = PBXGroup;
			children = (
				CF6FA3CA2A8212240017DDC4 /* MenuModel.swift */,
				CF81B99F2A7BA3E200C10B66 /* MenuCategory.swift */,
			);
			path = Model;
			sourceTree = "<group>";
		};
		CF09F29C2A9F2E4B00D21D7D /* View */ = {
			isa = PBXGroup;
			children = (
				CF81B9A12A7BA40F00C10B66 /* MenuCell.swift */,
				CF81B9A22A7BA40F00C10B66 /* MenuCell.xib */,
			);
			path = View;
			sourceTree = "<group>";
		};
		CF09F29D2A9F2E9700D21D7D /* Controller */ = {
			isa = PBXGroup;
			children = (
				CF4828942A7D1E7D00A7BF4F /* PrivacyPolicyViewController.swift */,
				CF5A97CF29D31FD300D4F2F5 /* PresentViewController.swift */,
			);
			path = Controller;
			sourceTree = "<group>";
		};
		CF4828912A7D1DFD00A7BF4F /* Present */ = {
			isa = PBXGroup;
			children = (
				CF09F29D2A9F2E9700D21D7D /* Controller */,
			);
			path = Present;
			sourceTree = "<group>";
		};
		CF5A97AD29D3164D00D4F2F5 = {
			isa = PBXGroup;
			children = (
				CF5A97B829D3164D00D4F2F5 /* Vpn */,
				CF5A97B729D3164D00D4F2F5 /* Products */,
				B95720F750A46D9A181FA641 /* Pods */,
				91D99A1360218AAA9132F7A5 /* Frameworks */,
			);
			sourceTree = "<group>";
		};
		CF5A97B729D3164D00D4F2F5 /* Products */ = {
			isa = PBXGroup;
			children = (
				CF5A97B629D3164D00D4F2F5 /* Vpn.app */,
			);
			name = Products;
			sourceTree = "<group>";
		};
		CF5A97B829D3164D00D4F2F5 /* Vpn */ = {
			isa = PBXGroup;
			children = (
				CFA56F882A764EA1000B55B7 /* animation_lkp59xl7.json */,
				CF3C1A6F29D5A10F007BD706 /* Vpn.entitlements */,
				CFD3EEA42A9F2C7F00B69E39 /* Application */,
				CF4828912A7D1DFD00A7BF4F /* Present */,
				CF9176882A7168A400C00358 /* Register */,
				CF81B99E2A7BA3CD00C10B66 /* Menu */,
				CF09F2942A9F2DAD00D21D7D /* LoadAnimate */,
				CF09F2952A9F2DBD00D21D7D /* Home */,
				CF09F2962A9F2DC500D21D7D /* ChangeCountry */,
				CF09F2932A9F2D6500D21D7D /* SupportinFiles */,
				CF5A97C729D3164E00D4F2F5 /* Info.plist */,
				CFAA9DDD29E44776000B3438 /* GoogleService-Info.plist */,
			);
			path = Vpn;
			sourceTree = "<group>";
		};
		CF81B99E2A7BA3CD00C10B66 /* Menu */ = {
			isa = PBXGroup;
			children = (
				CF09F29B2A9F2E4700D21D7D /* Model */,
				CF09F29C2A9F2E4B00D21D7D /* View */,
				CF09F29A2A9F2E3D00D21D7D /* Controller */,
				CF8D763E2AA1D29D0013E9FA /* MenuNetworkService */,
			);
			path = Menu;
			sourceTree = "<group>";
		};
		CF8D76302AA1C5B80013E9FA /* RegisterNetworkService */ = {
			isa = PBXGroup;
			children = (
				CF8D76312AA1C5CB0013E9FA /* RegisterNetworkService.swift */,
			);
			path = RegisterNetworkService;
			sourceTree = "<group>";
		};
		CF8D76332AA1C8100013E9FA /* Model */ = {
			isa = PBXGroup;
			children = (
				CF8FB08929D708FF00993513 /* Country.swift */,
			);
			path = Model;
			sourceTree = "<group>";
		};
		CF8D76342AA1C8310013E9FA /* ChangeCountryNetworkService */ = {
			isa = PBXGroup;
			children = (
				CF8D76352AA1C8470013E9FA /* ChangeCountryNetworkService.swift */,
			);
			path = ChangeCountryNetworkService;
			sourceTree = "<group>";
		};
		CF8D76392AA1CE700013E9FA /* LoadAnimateNetworkService */ = {
			isa = PBXGroup;
			children = (
				CF8D76372AA1CE6C0013E9FA /* LoadAnimateNetworkService.swift */,
			);
			path = LoadAnimateNetworkService;
			sourceTree = "<group>";
		};
		CF8D763A2AA1CF740013E9FA /* Model */ = {
			isa = PBXGroup;
			children = (
				CF8D763C2AA1CF890013E9FA /* LoadAnimateModel.swift */,
			);
			path = Model;
			sourceTree = "<group>";
		};
		CF8D763E2AA1D29D0013E9FA /* MenuNetworkService */ = {
			isa = PBXGroup;
			children = (
				CF969D842AA0D72F00CD75F9 /* MenuNetworkService.swift */,
			);
			path = MenuNetworkService;
			sourceTree = "<group>";
		};
		CF8D763F2AA1D2B00013E9FA /* Controller */ = {
			isa = PBXGroup;
			children = (
				CFA56F8A2A764FAA000B55B7 /* LoadAnimateViewController.swift */,
			);
			path = Controller;
			sourceTree = "<group>";
		};
		CF8D76402AA1D4390013E9FA /* Controller */ = {
			isa = PBXGroup;
			children = (
				CF8FB08129D6BCC600993513 /* ChangeCountryController.swift */,
			);
			path = Controller;
			sourceTree = "<group>";
		};
		CF9176882A7168A400C00358 /* Register */ = {
			isa = PBXGroup;
			children = (
				CF8D76302AA1C5B80013E9FA /* RegisterNetworkService */,
				CF48831C29E2B0E600702FA0 /* RegisterViewController.swift */,
				CF09F2A02A9F2EDC00D21D7D /* CodeReviewController.swift */,
			);
			path = Register;
			sourceTree = "<group>";
		};
		CF969D802AA0CF6C00CD75F9 /* NetworkService */ = {
			isa = PBXGroup;
			children = (
				CF969D822AA0CFC300CD75F9 /* NetworkService.swift */,
			);
			path = NetworkService;
			sourceTree = "<group>";
		};
		CFD3EEA42A9F2C7F00B69E39 /* Application */ = {
			isa = PBXGroup;
			children = (
				CF969D802AA0CF6C00CD75F9 /* NetworkService */,
				CF09F2902A9F2CC100D21D7D /* Model */,
				CF09F2912A9F2CC900D21D7D /* View */,
				CF09F2922A9F2CCD00D21D7D /* Controller */,
			);
			path = Application;
			sourceTree = "<group>";
		};
/* End PBXGroup section */

/* Begin PBXNativeTarget section */
		CF5A97B529D3164D00D4F2F5 /* Vpn */ = {
			isa = PBXNativeTarget;
			buildConfigurationList = CF5A97CA29D3164E00D4F2F5 /* Build configuration list for PBXNativeTarget "Vpn" */;
			buildPhases = (
				EB5D0498436F6B01AB8A1F40 /* [CP] Check Pods Manifest.lock */,
				CF5A97B229D3164D00D4F2F5 /* Sources */,
				CF5A97B429D3164D00D4F2F5 /* Resources */,
				0C5ED0875B451244013FF054 /* [CP] Embed Pods Frameworks */,
				40B24E223875366CEBCDA9AC /* Frameworks */,
			);
			buildRules = (
			);
			dependencies = (
			);
			name = Vpn;
			productName = Vpn;
			productReference = CF5A97B629D3164D00D4F2F5 /* Vpn.app */;
			productType = "com.apple.product-type.application";
		};
/* End PBXNativeTarget section */

/* Begin PBXProject section */
		CF5A97AE29D3164D00D4F2F5 /* Project object */ = {
			isa = PBXProject;
			attributes = {
				BuildIndependentTargetsInParallel = 1;
				LastSwiftUpdateCheck = 1420;
				LastUpgradeCheck = 1420;
				TargetAttributes = {
					CF5A97B529D3164D00D4F2F5 = {
						CreatedOnToolsVersion = 14.2;
					};
				};
			};
			buildConfigurationList = CF5A97B129D3164D00D4F2F5 /* Build configuration list for PBXProject "Vpn" */;
			compatibilityVersion = "Xcode 14.0";
			developmentRegion = en;
			hasScannedForEncodings = 0;
			knownRegions = (
				en,
				Base,
			);
			mainGroup = CF5A97AD29D3164D00D4F2F5;
			productRefGroup = CF5A97B729D3164D00D4F2F5 /* Products */;
			projectDirPath = "";
			projectRoot = "";
			targets = (
				CF5A97B529D3164D00D4F2F5 /* Vpn */,
			);
		};
/* End PBXProject section */

/* Begin PBXResourcesBuildPhase section */
		CF5A97B429D3164D00D4F2F5 /* Resources */ = {
			isa = PBXResourcesBuildPhase;
			buildActionMask = 2147483647;
			files = (
				CF81B9A42A7BA40F00C10B66 /* MenuCell.xib in Resources */,
				CF5A97C629D3164E00D4F2F5 /* LaunchScreen.storyboard in Resources */,
				CFAA9DDE29E44776000B3438 /* GoogleService-Info.plist in Resources */,
				CF5A97C329D3164E00D4F2F5 /* Assets.xcassets in Resources */,
				CFA56F892A764EA1000B55B7 /* animation_lkp59xl7.json in Resources */,
				CF5A97C129D3164D00D4F2F5 /* Main.storyboard in Resources */,
			);
			runOnlyForDeploymentPostprocessing = 0;
		};
/* End PBXResourcesBuildPhase section */

/* Begin PBXShellScriptBuildPhase section */
		0C5ED0875B451244013FF054 /* [CP] Embed Pods Frameworks */ = {
			isa = PBXShellScriptBuildPhase;
			buildActionMask = 2147483647;
			files = (
			);
			inputFileListPaths = (
				"${PODS_ROOT}/Target Support Files/Pods-Vpn/Pods-Vpn-frameworks-${CONFIGURATION}-input-files.xcfilelist",
			);
			name = "[CP] Embed Pods Frameworks";
			outputFileListPaths = (
				"${PODS_ROOT}/Target Support Files/Pods-Vpn/Pods-Vpn-frameworks-${CONFIGURATION}-output-files.xcfilelist",
			);
			runOnlyForDeploymentPostprocessing = 0;
			shellPath = /bin/sh;
			shellScript = "\"${PODS_ROOT}/Target Support Files/Pods-Vpn/Pods-Vpn-frameworks.sh\"\n";
			showEnvVarsInLog = 0;
		};
		EB5D0498436F6B01AB8A1F40 /* [CP] Check Pods Manifest.lock */ = {
			isa = PBXShellScriptBuildPhase;
			buildActionMask = 2147483647;
			files = (
			);
			inputFileListPaths = (
			);
			inputPaths = (
				"${PODS_PODFILE_DIR_PATH}/Podfile.lock",
				"${PODS_ROOT}/Manifest.lock",
			);
			name = "[CP] Check Pods Manifest.lock";
			outputFileListPaths = (
			);
			outputPaths = (
				"$(DERIVED_FILE_DIR)/Pods-Vpn-checkManifestLockResult.txt",
			);
			runOnlyForDeploymentPostprocessing = 0;
			shellPath = /bin/sh;
			shellScript = "diff \"${PODS_PODFILE_DIR_PATH}/Podfile.lock\" \"${PODS_ROOT}/Manifest.lock\" > /dev/null\nif [ $? != 0 ] ; then\n    # print error to STDERR\n    echo \"error: The sandbox is not in sync with the Podfile.lock. Run 'pod install' or update your CocoaPods installation.\" >&2\n    exit 1\nfi\n# This output is used by Xcode 'outputs' to avoid re-running this script phase.\necho \"SUCCESS\" > \"${SCRIPT_OUTPUT_FILE_0}\"\n";
			showEnvVarsInLog = 0;
		};
/* End PBXShellScriptBuildPhase section */

/* Begin PBXSourcesBuildPhase section */
		CF5A97B229D3164D00D4F2F5 /* Sources */ = {
			isa = PBXSourcesBuildPhase;
			buildActionMask = 2147483647;
			files = (
				CF81B9A02A7BA3E200C10B66 /* MenuCategory.swift in Sources */,
				CF91768B2A716BC400C00358 /* Extension.swift in Sources */,
				CF969D872AA0D87C00CD75F9 /* HomeModel.swift in Sources */,
				CF5A97BE29D3164D00D4F2F5 /* HomeViewController.swift in Sources */,
				CFA56F8B2A764FAA000B55B7 /* LoadAnimateViewController.swift in Sources */,
				CF91AF0C29DD4F8300EAAC01 /* CurrentUser.swift in Sources */,
				CF5A97BA29D3164D00D4F2F5 /* AppDelegate.swift in Sources */,
				CF48831D29E2B0E600702FA0 /* RegisterViewController.swift in Sources */,
				CF5A97D029D31FD300D4F2F5 /* PresentViewController.swift in Sources */,
				CF6FA3CB2A8212240017DDC4 /* MenuModel.swift in Sources */,
				CFFAE9C32A77A89100E2CBCA /* LoadLabel.swift in Sources */,
				CF8D763D2AA1CF890013E9FA /* LoadAnimateModel.swift in Sources */,
				CF8D76362AA1C8470013E9FA /* ChangeCountryNetworkService.swift in Sources */,
				CF969D832AA0CFC300CD75F9 /* NetworkService.swift in Sources */,
				CF5A97BC29D3164D00D4F2F5 /* SceneDelegate.swift in Sources */,
				CF8FB08A29D708FF00993513 /* Country.swift in Sources */,
				CF91768D2A716EA100C00358 /* SubscriptionStatus.swift in Sources */,
				CF09F2A12A9F2EDC00D21D7D /* CodeReviewController.swift in Sources */,
				CF91AF1629DDBAAD00EAAC01 /* MenuViewController.swift in Sources */,
				CF8D76322AA1C5CB0013E9FA /* RegisterNetworkService.swift in Sources */,
				CF8FB08229D6BCC600993513 /* ChangeCountryController.swift in Sources */,
				CF969D852AA0D72F00CD75F9 /* MenuNetworkService.swift in Sources */,
				CF8D76382AA1CE6C0013E9FA /* LoadAnimateNetworkService.swift in Sources */,
				CF4828952A7D1E7D00A7BF4F /* PrivacyPolicyViewController.swift in Sources */,
				CF81B9A32A7BA40F00C10B66 /* MenuCell.swift in Sources */,
				CF8FB08429D6BEF300993513 /* Constants.swift in Sources */,
			);
			runOnlyForDeploymentPostprocessing = 0;
		};
/* End PBXSourcesBuildPhase section */

/* Begin PBXVariantGroup section */
		CF5A97BF29D3164D00D4F2F5 /* Main.storyboard */ = {
			isa = PBXVariantGroup;
			children = (
				CF5A97C029D3164D00D4F2F5 /* Base */,
			);
			name = Main.storyboard;
			sourceTree = "<group>";
		};
		CF5A97C429D3164E00D4F2F5 /* LaunchScreen.storyboard */ = {
			isa = PBXVariantGroup;
			children = (
				CF5A97C529D3164E00D4F2F5 /* Base */,
			);
			name = LaunchScreen.storyboard;
			sourceTree = "<group>";
		};
/* End PBXVariantGroup section */

/* Begin XCBuildConfiguration section */
		CF5A97C829D3164E00D4F2F5 /* Debug */ = {
			isa = XCBuildConfiguration;
			buildSettings = {
				ALWAYS_SEARCH_USER_PATHS = NO;
				CLANG_ANALYZER_NONNULL = YES;
				CLANG_ANALYZER_NUMBER_OBJECT_CONVERSION = YES_AGGRESSIVE;
				CLANG_CXX_LANGUAGE_STANDARD = "gnu++20";
				CLANG_ENABLE_MODULES = YES;
				CLANG_ENABLE_OBJC_ARC = YES;
				CLANG_ENABLE_OBJC_WEAK = YES;
				CLANG_WARN_BLOCK_CAPTURE_AUTORELEASING = YES;
				CLANG_WARN_BOOL_CONVERSION = YES;
				CLANG_WARN_COMMA = YES;
				CLANG_WARN_CONSTANT_CONVERSION = YES;
				CLANG_WARN_DEPRECATED_OBJC_IMPLEMENTATIONS = YES;
				CLANG_WARN_DIRECT_OBJC_ISA_USAGE = YES_ERROR;
				CLANG_WARN_DOCUMENTATION_COMMENTS = YES;
				CLANG_WARN_EMPTY_BODY = YES;
				CLANG_WARN_ENUM_CONVERSION = YES;
				CLANG_WARN_INFINITE_RECURSION = YES;
				CLANG_WARN_INT_CONVERSION = YES;
				CLANG_WARN_NON_LITERAL_NULL_CONVERSION = YES;
				CLANG_WARN_OBJC_IMPLICIT_RETAIN_SELF = YES;
				CLANG_WARN_OBJC_LITERAL_CONVERSION = YES;
				CLANG_WARN_OBJC_ROOT_CLASS = YES_ERROR;
				CLANG_WARN_QUOTED_INCLUDE_IN_FRAMEWORK_HEADER = YES;
				CLANG_WARN_RANGE_LOOP_ANALYSIS = YES;
				CLANG_WARN_STRICT_PROTOTYPES = YES;
				CLANG_WARN_SUSPICIOUS_MOVE = YES;
				CLANG_WARN_UNGUARDED_AVAILABILITY = YES_AGGRESSIVE;
				CLANG_WARN_UNREACHABLE_CODE = YES;
				CLANG_WARN__DUPLICATE_METHOD_MATCH = YES;
				COPY_PHASE_STRIP = NO;
				DEBUG_INFORMATION_FORMAT = dwarf;
				ENABLE_STRICT_OBJC_MSGSEND = YES;
				ENABLE_TESTABILITY = YES;
				GCC_C_LANGUAGE_STANDARD = gnu11;
				GCC_DYNAMIC_NO_PIC = NO;
				GCC_NO_COMMON_BLOCKS = YES;
				GCC_OPTIMIZATION_LEVEL = 0;
				GCC_PREPROCESSOR_DEFINITIONS = (
					"DEBUG=1",
					"$(inherited)",
				);
				GCC_WARN_64_TO_32_BIT_CONVERSION = YES;
				GCC_WARN_ABOUT_RETURN_TYPE = YES_ERROR;
				GCC_WARN_UNDECLARED_SELECTOR = YES;
				GCC_WARN_UNINITIALIZED_AUTOS = YES_AGGRESSIVE;
				GCC_WARN_UNUSED_FUNCTION = YES;
				GCC_WARN_UNUSED_VARIABLE = YES;
				IPHONEOS_DEPLOYMENT_TARGET = 16.2;
				MTL_ENABLE_DEBUG_INFO = INCLUDE_SOURCE;
				MTL_FAST_MATH = YES;
				ONLY_ACTIVE_ARCH = YES;
				SDKROOT = iphoneos;
				SWIFT_ACTIVE_COMPILATION_CONDITIONS = DEBUG;
				SWIFT_OPTIMIZATION_LEVEL = "-Onone";
			};
			name = Debug;
		};
		CF5A97C929D3164E00D4F2F5 /* Release */ = {
			isa = XCBuildConfiguration;
			buildSettings = {
				ALWAYS_SEARCH_USER_PATHS = NO;
				CLANG_ANALYZER_NONNULL = YES;
				CLANG_ANALYZER_NUMBER_OBJECT_CONVERSION = YES_AGGRESSIVE;
				CLANG_CXX_LANGUAGE_STANDARD = "gnu++20";
				CLANG_ENABLE_MODULES = YES;
				CLANG_ENABLE_OBJC_ARC = YES;
				CLANG_ENABLE_OBJC_WEAK = YES;
				CLANG_WARN_BLOCK_CAPTURE_AUTORELEASING = YES;
				CLANG_WARN_BOOL_CONVERSION = YES;
				CLANG_WARN_COMMA = YES;
				CLANG_WARN_CONSTANT_CONVERSION = YES;
				CLANG_WARN_DEPRECATED_OBJC_IMPLEMENTATIONS = YES;
				CLANG_WARN_DIRECT_OBJC_ISA_USAGE = YES_ERROR;
				CLANG_WARN_DOCUMENTATION_COMMENTS = YES;
				CLANG_WARN_EMPTY_BODY = YES;
				CLANG_WARN_ENUM_CONVERSION = YES;
				CLANG_WARN_INFINITE_RECURSION = YES;
				CLANG_WARN_INT_CONVERSION = YES;
				CLANG_WARN_NON_LITERAL_NULL_CONVERSION = YES;
				CLANG_WARN_OBJC_IMPLICIT_RETAIN_SELF = YES;
				CLANG_WARN_OBJC_LITERAL_CONVERSION = YES;
				CLANG_WARN_OBJC_ROOT_CLASS = YES_ERROR;
				CLANG_WARN_QUOTED_INCLUDE_IN_FRAMEWORK_HEADER = YES;
				CLANG_WARN_RANGE_LOOP_ANALYSIS = YES;
				CLANG_WARN_STRICT_PROTOTYPES = YES;
				CLANG_WARN_SUSPICIOUS_MOVE = YES;
				CLANG_WARN_UNGUARDED_AVAILABILITY = YES_AGGRESSIVE;
				CLANG_WARN_UNREACHABLE_CODE = YES;
				CLANG_WARN__DUPLICATE_METHOD_MATCH = YES;
				COPY_PHASE_STRIP = NO;
				DEBUG_INFORMATION_FORMAT = "dwarf-with-dsym";
				ENABLE_NS_ASSERTIONS = NO;
				ENABLE_STRICT_OBJC_MSGSEND = YES;
				GCC_C_LANGUAGE_STANDARD = gnu11;
				GCC_NO_COMMON_BLOCKS = YES;
				GCC_WARN_64_TO_32_BIT_CONVERSION = YES;
				GCC_WARN_ABOUT_RETURN_TYPE = YES_ERROR;
				GCC_WARN_UNDECLARED_SELECTOR = YES;
				GCC_WARN_UNINITIALIZED_AUTOS = YES_AGGRESSIVE;
				GCC_WARN_UNUSED_FUNCTION = YES;
				GCC_WARN_UNUSED_VARIABLE = YES;
				IPHONEOS_DEPLOYMENT_TARGET = 16.2;
				MTL_ENABLE_DEBUG_INFO = NO;
				MTL_FAST_MATH = YES;
				SDKROOT = iphoneos;
				SWIFT_COMPILATION_MODE = wholemodule;
				SWIFT_OPTIMIZATION_LEVEL = "-O";
				VALIDATE_PRODUCT = YES;
			};
			name = Release;
		};
		CF5A97CB29D3164E00D4F2F5 /* Debug */ = {
			isa = XCBuildConfiguration;
			baseConfigurationReference = AF94F8E1614E69D09A920D35 /* Pods-Vpn.debug.xcconfig */;
			buildSettings = {
				ASSETCATALOG_COMPILER_APPICON_NAME = AppIcon;
				ASSETCATALOG_COMPILER_GLOBAL_ACCENT_COLOR_NAME = AccentColor;
				CODE_SIGN_ENTITLEMENTS = Vpn/Vpn.entitlements;
				CODE_SIGN_STYLE = Automatic;
				CURRENT_PROJECT_VERSION = 1;
				DEVELOPMENT_TEAM = F54VLCC48K;
				GENERATE_INFOPLIST_FILE = YES;
				INFOPLIST_FILE = Vpn/Info.plist;
				INFOPLIST_KEY_UIApplicationSupportsIndirectInputEvents = YES;
				INFOPLIST_KEY_UILaunchStoryboardName = LaunchScreen;
				INFOPLIST_KEY_UIMainStoryboardFile = Main;
				INFOPLIST_KEY_UISupportedInterfaceOrientations = UIInterfaceOrientationPortrait;
				INFOPLIST_KEY_UISupportedInterfaceOrientations_iPad = "UIInterfaceOrientationLandscapeLeft UIInterfaceOrientationLandscapeRight UIInterfaceOrientationPortrait UIInterfaceOrientationPortraitUpsideDown";
				IPHONEOS_DEPLOYMENT_TARGET = 15.0;
				LD_RUNPATH_SEARCH_PATHS = (
					"$(inherited)",
					"@executable_path/Frameworks",
				);
				MARKETING_VERSION = 1.0;
				PRODUCT_BUNDLE_IDENTIFIER = com.TopVpnDenimMerzhan.Vpn;
				PRODUCT_NAME = "$(TARGET_NAME)";
				SWIFT_EMIT_LOC_STRINGS = YES;
				SWIFT_VERSION = 5.0;
				TARGETED_DEVICE_FAMILY = "1,2";
			};
			name = Debug;
		};
		CF5A97CC29D3164E00D4F2F5 /* Release */ = {
			isa = XCBuildConfiguration;
			baseConfigurationReference = 7A4F6340DB19557E1D90E93B /* Pods-Vpn.release.xcconfig */;
			buildSettings = {
				ASSETCATALOG_COMPILER_APPICON_NAME = AppIcon;
				ASSETCATALOG_COMPILER_GLOBAL_ACCENT_COLOR_NAME = AccentColor;
				CODE_SIGN_ENTITLEMENTS = Vpn/Vpn.entitlements;
				CODE_SIGN_STYLE = Automatic;
				CURRENT_PROJECT_VERSION = 1;
				DEVELOPMENT_TEAM = F54VLCC48K;
				GENERATE_INFOPLIST_FILE = YES;
				INFOPLIST_FILE = Vpn/Info.plist;
				INFOPLIST_KEY_UIApplicationSupportsIndirectInputEvents = YES;
				INFOPLIST_KEY_UILaunchStoryboardName = LaunchScreen;
				INFOPLIST_KEY_UIMainStoryboardFile = Main;
				INFOPLIST_KEY_UISupportedInterfaceOrientations = UIInterfaceOrientationPortrait;
				INFOPLIST_KEY_UISupportedInterfaceOrientations_iPad = "UIInterfaceOrientationLandscapeLeft UIInterfaceOrientationLandscapeRight UIInterfaceOrientationPortrait UIInterfaceOrientationPortraitUpsideDown";
				IPHONEOS_DEPLOYMENT_TARGET = 15.0;
				LD_RUNPATH_SEARCH_PATHS = (
					"$(inherited)",
					"@executable_path/Frameworks",
				);
				MARKETING_VERSION = 1.0;
				PRODUCT_BUNDLE_IDENTIFIER = com.TopVpnDenimMerzhan.Vpn;
				PRODUCT_NAME = "$(TARGET_NAME)";
				SWIFT_EMIT_LOC_STRINGS = YES;
				SWIFT_VERSION = 5.0;
				TARGETED_DEVICE_FAMILY = "1,2";
			};
			name = Release;
		};
/* End XCBuildConfiguration section */

/* Begin XCConfigurationList section */
		CF5A97B129D3164D00D4F2F5 /* Build configuration list for PBXProject "Vpn" */ = {
			isa = XCConfigurationList;
			buildConfigurations = (
				CF5A97C829D3164E00D4F2F5 /* Debug */,
				CF5A97C929D3164E00D4F2F5 /* Release */,
			);
			defaultConfigurationIsVisible = 0;
			defaultConfigurationName = Release;
		};
		CF5A97CA29D3164E00D4F2F5 /* Build configuration list for PBXNativeTarget "Vpn" */ = {
			isa = XCConfigurationList;
			buildConfigurations = (
				CF5A97CB29D3164E00D4F2F5 /* Debug */,
				CF5A97CC29D3164E00D4F2F5 /* Release */,
			);
			defaultConfigurationIsVisible = 0;
			defaultConfigurationName = Release;
		};
/* End XCConfigurationList section */
	};
	rootObject = CF5A97AE29D3164D00D4F2F5 /* Project object */;
}
